
Microsoft Visual Studio Solution File, Format Version 12.00
# Visual Studio Version 16
VisualStudioVersion = 16.0.31205.134
MinimumVisualStudioVersion = 10.0.40219.1
Project("{FAE04EC0-301F-11D3-BF4B-00C04F79EFBC}") = "HerokuDockerDeployment", "HerokuDockerDeployment\HerokuDockerDeployment.csproj", "{A6AAFDEF-6405-4F8F-8BF1-A65D35934D3D}"
EndProject
Global
	GlobalSection(SolutionConfigurationPlatforms) = preSolution
		Debug|Any CPU = Debug|Any CPU
		Release|Any CPU = Release|Any CPU
	EndGlobalSection
	GlobalSection(ProjectConfigurationPlatforms) = postSolution
		{A6AAFDEF-6405-4F8F-8BF1-A65D35934D3D}.Debug|Any CPU.ActiveCfg = Debug|Any CPU
		{A6AAFDEF-6405-4F8F-8BF1-A65D35934D3D}.Debug|Any CPU.Build.0 = Debug|Any CPU
		{A6AAFDEF-6405-4F8F-8BF1-A65D35934D3D}.Release|Any CPU.ActiveCfg = Release|Any CPU
		{A6AAFDEF-6405-4F8F-8BF1-A65D35934D3D}.Release|Any CPU.Build.0 = Release|Any CPU
	EndGlobalSection
	GlobalSection(SolutionProperties) = preSolution
		HideSolutionNode = FALSE
	EndGlobalSection
	GlobalSection(ExtensibilityGlobals) = postSolution
		SolutionGuid = {CAD316D0-AC18-4BCA-96E2-62AF029C0818}
	EndGlobalSection
EndGlobal
